# This file was autogenerated by Stack.
# You should not edit this file by hand.
# For more information, please see the documentation at:
#   https://docs.haskellstack.org/en/stable/lock_files

packages:
- completed:
    pantry-tree:
      sha256: 9c3388ec26e91b6f5115ddeafee991a3589b76b67ea15e333af5946706be374c
      size: 270
    hackage: transformers-either-0.1.2@sha256:e2ba24af49df7fa09794dcff6cb203d086d5c18e35b3cf10a8ecf7eb465fdedf,1677
  original:
    hackage: transformers-either-0.1.2@sha256:e2ba24af49df7fa09794dcff6cb203d086d5c18e35b3cf10a8ecf7eb465fdedf
snapshots:
- completed:
    sha256: e5f56f619132209b826084cacd6374d7f0344cc88a9d1d305878190e4204ae1f
    size: 619205
    url: https://raw.githubusercontent.com/commercialhaskell/stackage-snapshots/master/lts/19/31.yaml
  original: lts-19.31
